
Microsoft Visual Studio Solution File, Format Version 12.00
# Visual Studio 14
VisualStudioVersion = 14.0.25420.1
MinimumVisualStudioVersion = 10.0.40219.1
Project("{FAE04EC0-301F-11D3-BF4B-00C04F79EFBC}") = "exercise-01", "ConsoleApplication1\exercise-01.csproj", "{ECEA8CF7-72D1-4B3A-9679-E46846A4394C}"
EndProject
Project("{FAE04EC0-301F-11D3-BF4B-00C04F79EFBC}") = "exercise-02", "ConsoleApplication2\exercise-02.csproj", "{B8586A64-32B8-48ED-9B50-89D284FB6575}"
EndProject
Project("{FAE04EC0-301F-11D3-BF4B-00C04F79EFBC}") = "exercise-03", "ConsoleApplication3\exercise-03.csproj", "{EC2FD28A-FB84-448D-AD68-4CCF5E3776C6}"
EndProject
Project("{FAE04EC0-301F-11D3-BF4B-00C04F79EFBC}") = "exercise-04", "ConsoleApplication4\exercise-04.csproj", "{493A7B7C-848A-493D-A3E6-518605F321BA}"
EndProject
Global
	GlobalSection(SolutionConfigurationPlatforms) = preSolution
		Debug|Any CPU = Debug|Any CPU
		Release|Any CPU = Release|Any CPU
	EndGlobalSection
	GlobalSection(ProjectConfigurationPlatforms) = postSolution
		{ECEA8CF7-72D1-4B3A-9679-E46846A4394C}.Debug|Any CPU.ActiveCfg = Debug|Any CPU
		{ECEA8CF7-72D1-4B3A-9679-E46846A4394C}.Debug|Any CPU.Build.0 = Debug|Any CPU
		{ECEA8CF7-72D1-4B3A-9679-E46846A4394C}.Release|Any CPU.ActiveCfg = Release|Any CPU
		{ECEA8CF7-72D1-4B3A-9679-E46846A4394C}.Release|Any CPU.Build.0 = Release|Any CPU
		{B8586A64-32B8-48ED-9B50-89D284FB6575}.Debug|Any CPU.ActiveCfg = Debug|Any CPU
		{B8586A64-32B8-48ED-9B50-89D284FB6575}.Debug|Any CPU.Build.0 = Debug|Any CPU
		{B8586A64-32B8-48ED-9B50-89D284FB6575}.Release|Any CPU.ActiveCfg = Release|Any CPU
		{B8586A64-32B8-48ED-9B50-89D284FB6575}.Release|Any CPU.Build.0 = Release|Any CPU
		{EC2FD28A-FB84-448D-AD68-4CCF5E3776C6}.Debug|Any CPU.ActiveCfg = Debug|Any CPU
		{EC2FD28A-FB84-448D-AD68-4CCF5E3776C6}.Debug|Any CPU.Build.0 = Debug|Any CPU
		{EC2FD28A-FB84-448D-AD68-4CCF5E3776C6}.Release|Any CPU.ActiveCfg = Release|Any CPU
		{EC2FD28A-FB84-448D-AD68-4CCF5E3776C6}.Release|Any CPU.Build.0 = Release|Any CPU
		{493A7B7C-848A-493D-A3E6-518605F321BA}.Debug|Any CPU.ActiveCfg = Debug|Any CPU
		{493A7B7C-848A-493D-A3E6-518605F321BA}.Debug|Any CPU.Build.0 = Debug|Any CPU
		{493A7B7C-848A-493D-A3E6-518605F321BA}.Release|Any CPU.ActiveCfg = Release|Any CPU
		{493A7B7C-848A-493D-A3E6-518605F321BA}.Release|Any CPU.Build.0 = Release|Any CPU
	EndGlobalSection
	GlobalSection(SolutionProperties) = preSolution
		HideSolutionNode = FALSE
	EndGlobalSection
EndGlobal
